
Microsoft Visual Studio Solution File, Format Version 12.00
# Visual Studio Version 17
VisualStudioVersion = 17.13.35913.81 d17.13
MinimumVisualStudioVersion = 10.0.40219.1
Project("{FAE04EC0-301F-11D3-BF4B-00C04F79EFBC}") = "SystemProgrammingLaba3", "SystemProgrammingLaba3\SystemProgrammingLaba3.csproj", "{C4350BF7-85E5-4537-8D78-B1FB5394B3F5}"
EndProject
Global
	GlobalSection(SolutionConfigurationPlatforms) = preSolution
		Debug|Any CPU = Debug|Any CPU
		Release|Any CPU = Release|Any CPU
	EndGlobalSection
	GlobalSection(ProjectConfigurationPlatforms) = postSolution
		{C4350BF7-85E5-4537-8D78-B1FB5394B3F5}.Debug|Any CPU.ActiveCfg = Debug|Any CPU
		{C4350BF7-85E5-4537-8D78-B1FB5394B3F5}.Debug|Any CPU.Build.0 = Debug|Any CPU
		{C4350BF7-85E5-4537-8D78-B1FB5394B3F5}.Release|Any CPU.ActiveCfg = Release|Any CPU
		{C4350BF7-85E5-4537-8D78-B1FB5394B3F5}.Release|Any CPU.Build.0 = Release|Any CPU
	EndGlobalSection
	GlobalSection(SolutionProperties) = preSolution
		HideSolutionNode = FALSE
	EndGlobalSection
	GlobalSection(ExtensibilityGlobals) = postSolution
		SolutionGuid = {FED9B6C0-9092-4828-8381-D2BC1F607220}
	EndGlobalSection
EndGlobal
